
Microsoft Visual Studio Solution File, Format Version 12.00
# Visual Studio Version 17
VisualStudioVersion = 17.9.34723.18
MinimumVisualStudioVersion = 10.0.40219.1
Project("{FAE04EC0-301F-11D3-BF4B-00C04F79EFBC}") = "HTMLEditor", "HTMLEditor\HTMLEditor.csproj", "{7EA51A3D-8244-481C-82FA-2EF43B549898}"
EndProject
Global
	GlobalSection(SolutionConfigurationPlatforms) = preSolution
		Debug|Any CPU = Debug|Any CPU
		Release|Any CPU = Release|Any CPU
	EndGlobalSection
	GlobalSection(ProjectConfigurationPlatforms) = postSolution
		{7EA51A3D-8244-481C-82FA-2EF43B549898}.Debug|Any CPU.ActiveCfg = Debug|Any CPU
		{7EA51A3D-8244-481C-82FA-2EF43B549898}.Debug|Any CPU.Build.0 = Debug|Any CPU
		{7EA51A3D-8244-481C-82FA-2EF43B549898}.Release|Any CPU.ActiveCfg = Release|Any CPU
		{7EA51A3D-8244-481C-82FA-2EF43B549898}.Release|Any CPU.Build.0 = Release|Any CPU
	EndGlobalSection
	GlobalSection(SolutionProperties) = preSolution
		HideSolutionNode = FALSE
	EndGlobalSection
	GlobalSection(ExtensibilityGlobals) = postSolution
		SolutionGuid = {C211C0CF-6D58-469D-9784-0CF4A1EBF2C1}
	EndGlobalSection
EndGlobal
